// !$*UTF8*$!
{
	archiveVersion = 1;
	classes = {
	};
	objectVersion = 56;
	objects = {

/* Begin PBXBuildFile section */
		7FC6E4112981570F00C241CF /* AppDelegate.swift in Sources */ = {isa = PBXBuildFile; fileRef = 7FC6E4102981570F00C241CF /* AppDelegate.swift */; };
		7FC6E4132981570F00C241CF /* SceneDelegate.swift in Sources */ = {isa = PBXBuildFile; fileRef = 7FC6E4122981570F00C241CF /* SceneDelegate.swift */; };
		7FC6E4152981570F00C241CF /* ViewController.swift in Sources */ = {isa = PBXBuildFile; fileRef = 7FC6E4142981570F00C241CF /* ViewController.swift */; };
		7FC6E4182981570F00C241CF /* Main.storyboard in Resources */ = {isa = PBXBuildFile; fileRef = 7FC6E4162981570F00C241CF /* Main.storyboard */; };
		7FC6E41A2981571200C241CF /* Assets.xcassets in Resources */ = {isa = PBXBuildFile; fileRef = 7FC6E4192981571200C241CF /* Assets.xcassets */; };
		7FC6E41D2981571200C241CF /* LaunchScreen.storyboard in Resources */ = {isa = PBXBuildFile; fileRef = 7FC6E41B2981571200C241CF /* LaunchScreen.storyboard */; };
		7FC6E426298159EB00C241CF /* DatePickerCell.swift in Sources */ = {isa = PBXBuildFile; fileRef = 7FC6E425298159EB00C241CF /* DatePickerCell.swift */; };
		7FC6E42829815A0000C241CF /* HourPickerCell.swift in Sources */ = {isa = PBXBuildFile; fileRef = 7FC6E42729815A0000C241CF /* HourPickerCell.swift */; };
		7FC6E42A29815A0D00C241CF /* MinutePickerCell.swift in Sources */ = {isa = PBXBuildFile; fileRef = 7FC6E42929815A0D00C241CF /* MinutePickerCell.swift */; };
/* End PBXBuildFile section */

/* Begin PBXFileReference section */
		7FC6E40D2981570F00C241CF /* sectionExample.app */ = {isa = PBXFileReference; explicitFileType = wrapper.application; includeInIndex = 0; path = sectionExample.app; sourceTree = BUILT_PRODUCTS_DIR; };
		7FC6E4102981570F00C241CF /* AppDelegate.swift */ = {isa = PBXFileReference; lastKnownFileType = sourcecode.swift; path = AppDelegate.swift; sourceTree = "<group>"; };
		7FC6E4122981570F00C241CF /* SceneDelegate.swift */ = {isa = PBXFileReference; lastKnownFileType = sourcecode.swift; path = SceneDelegate.swift; sourceTree = "<group>"; };
		7FC6E4142981570F00C241CF /* ViewController.swift */ = {isa = PBXFileReference; lastKnownFileType = sourcecode.swift; path = ViewController.swift; sourceTree = "<group>"; };
		7FC6E4172981570F00C241CF /* Base */ = {isa = PBXFileReference; lastKnownFileType = file.storyboard; name = Base; path = Base.lproj/Main.storyboard; sourceTree = "<group>"; };
		7FC6E4192981571200C241CF /* Assets.xcassets */ = {isa = PBXFileReference; lastKnownFileType = folder.assetcatalog; path = Assets.xcassets; sourceTree = "<group>"; };
		7FC6E41C2981571200C241CF /* Base */ = {isa = PBXFileReference; lastKnownFileType = file.storyboard; name = Base; path = Base.lproj/LaunchScreen.storyboard; sourceTree = "<group>"; };
		7FC6E41E2981571200C241CF /* Info.plist */ = {isa = PBXFileReference; lastKnownFileType = text.plist.xml; path = Info.plist; sourceTree = "<group>"; };
		7FC6E425298159EB00C241CF /* DatePickerCell.swift */ = {isa = PBXFileReference; lastKnownFileType = sourcecode.swift; path = DatePickerCell.swift; sourceTree = "<group>"; };
		7FC6E42729815A0000C241CF /* HourPickerCell.swift */ = {isa = PBXFileReference; lastKnownFileType = sourcecode.swift; path = HourPickerCell.swift; sourceTree = "<group>"; };
		7FC6E42929815A0D00C241CF /* MinutePickerCell.swift */ = {isa = PBXFileReference; lastKnownFileType = sourcecode.swift; path = MinutePickerCell.swift; sourceTree = "<group>"; };
/* End PBXFileReference section */

/* Begin PBXFrameworksBuildPhase section */
		7FC6E40A2981570F00C241CF /* Frameworks */ = {
			isa = PBXFrameworksBuildPhase;
			buildActionMask = 2147483647;
			files = (
			);
			runOnlyForDeploymentPostprocessing = 0;
		};
/* End PBXFrameworksBuildPhase section */

/* Begin PBXGroup section */
		7FC6E4042981570F00C241CF = {
			isa = PBXGroup;
			children = (
				7FC6E40F2981570F00C241CF /* sectionExample */,
				7FC6E40E2981570F00C241CF /* Products */,
			);
			sourceTree = "<group>";
		};
		7FC6E40E2981570F00C241CF /* Products */ = {
			isa = PBXGroup;
			children = (
				7FC6E40D2981570F00C241CF /* sectionExample.app */,
			);
			name = Products;
			sourceTree = "<group>";
		};
		7FC6E40F2981570F00C241CF /* sectionExample */ = {
			isa = PBXGroup;
			children = (
				7FC6E424298159A800C241CF /* Cell */,
				7FC6E4102981570F00C241CF /* AppDelegate.swift */,
				7FC6E4122981570F00C241CF /* SceneDelegate.swift */,
				7FC6E4142981570F00C241CF /* ViewController.swift */,
				7FC6E4162981570F00C241CF /* Main.storyboard */,
				7FC6E4192981571200C241CF /* Assets.xcassets */,
				7FC6E41B2981571200C241CF /* LaunchScreen.storyboard */,
				7FC6E41E2981571200C241CF /* Info.plist */,
			);
			path = sectionExample;
			sourceTree = "<group>";
		};
		7FC6E424298159A800C241CF /* Cell */ = {
			isa = PBXGroup;
			children = (
				7FC6E425298159EB00C241CF /* DatePickerCell.swift */,
				7FC6E42729815A0000C241CF /* HourPickerCell.swift */,
				7FC6E42929815A0D00C241CF /* MinutePickerCell.swift */,
			);
			path = Cell;
			sourceTree = "<group>";
		};
/* End PBXGroup section */

/* Begin PBXNativeTarget section */
		7FC6E40C2981570F00C241CF /* sectionExample */ = {
			isa = PBXNativeTarget;
			buildConfigurationList = 7FC6E4212981571200C241CF /* Build configuration list for PBXNativeTarget "sectionExample" */;
			buildPhases = (
				7FC6E4092981570F00C241CF /* Sources */,
				7FC6E40A2981570F00C241CF /* Frameworks */,
				7FC6E40B2981570F00C241CF /* Resources */,
			);
			buildRules = (
			);
			dependencies = (
			);
			name = sectionExample;
			productName = sectionExample;
			productReference = 7FC6E40D2981570F00C241CF /* sectionExample.app */;
			productType = "com.apple.product-type.application";
		};
/* End PBXNativeTarget section */

/* Begin PBXProject section */
		7FC6E4052981570F00C241CF /* Project object */ = {
			isa = PBXProject;
			attributes = {
				BuildIndependentTargetsInParallel = 1;
				LastSwiftUpdateCheck = 1410;
				LastUpgradeCheck = 1410;
				TargetAttributes = {
					7FC6E40C2981570F00C241CF = {
						CreatedOnToolsVersion = 14.1;
					};
				};
			};
			buildConfigurationList = 7FC6E4082981570F00C241CF /* Build configuration list for PBXProject "sectionExample" */;
			compatibilityVersion = "Xcode 14.0";
			developmentRegion = en;
			hasScannedForEncodings = 0;
			knownRegions = (
				en,
				Base,
			);
			mainGroup = 7FC6E4042981570F00C241CF;
			productRefGroup = 7FC6E40E2981570F00C241CF /* Products */;
			projectDirPath = "";
			projectRoot = "";
			targets = (
				7FC6E40C2981570F00C241CF /* sectionExample */,
			);
		};
/* End PBXProject section */

/* Begin PBXResourcesBuildPhase section */
		7FC6E40B2981570F00C241CF /* Resources */ = {
			isa = PBXResourcesBuildPhase;
			buildActionMask = 2147483647;
			files = (
				7FC6E41D2981571200C241CF /* LaunchScreen.storyboard in Resources */,
				7FC6E41A2981571200C241CF /* Assets.xcassets in Resources */,
				7FC6E4182981570F00C241CF /* Main.storyboard in Resources */,
			);
			runOnlyForDeploymentPostprocessing = 0;
		};
/* End PBXResourcesBuildPhase section */

/* Begin PBXSourcesBuildPhase section */
		7FC6E4092981570F00C241CF /* Sources */ = {
			isa = PBXSourcesBuildPhase;
			buildActionMask = 2147483647;
			files = (
				7FC6E42829815A0000C241CF /* HourPickerCell.swift in Sources */,
				7FC6E4152981570F00C241CF /* ViewController.swift in Sources */,
				7FC6E4112981570F00C241CF /* AppDelegate.swift in Sources */,
				7FC6E42A29815A0D00C241CF /* MinutePickerCell.swift in Sources */,
				7FC6E4132981570F00C241CF /* SceneDelegate.swift in Sources */,
				7FC6E426298159EB00C241CF /* DatePickerCell.swift in Sources */,
			);
			runOnlyForDeploymentPostprocessing = 0;
		};
/* End PBXSourcesBuildPhase section */

/* Begin PBXVariantGroup section */
		7FC6E4162981570F00C241CF /* Main.storyboard */ = {
			isa = PBXVariantGroup;
			children = (
				7FC6E4172981570F00C241CF /* Base */,
			);
			name = Main.storyboard;
			sourceTree = "<group>";
		};
		7FC6E41B2981571200C241CF /* LaunchScreen.storyboard */ = {
			isa = PBXVariantGroup;
			children = (
				7FC6E41C2981571200C241CF /* Base */,
			);
			name = LaunchScreen.storyboard;
			sourceTree = "<group>";
		};
/* End PBXVariantGroup section */

/* Begin XCBuildConfiguration section */
		7FC6E41F2981571200C241CF /* Debug */ = {
			isa = XCBuildConfiguration;
			buildSettings = {
				ALWAYS_SEARCH_USER_PATHS = NO;
				CLANG_ANALYZER_NONNULL = YES;
				CLANG_ANALYZER_NUMBER_OBJECT_CONVERSION = YES_AGGRESSIVE;
				CLANG_CXX_LANGUAGE_STANDARD = "gnu++20";
				CLANG_ENABLE_MODULES = YES;
				CLANG_ENABLE_OBJC_ARC = YES;
				CLANG_ENABLE_OBJC_WEAK = YES;
				CLANG_WARN_BLOCK_CAPTURE_AUTORELEASING = YES;
				CLANG_WARN_BOOL_CONVERSION = YES;
				CLANG_WARN_COMMA = YES;
				CLANG_WARN_CONSTANT_CONVERSION = YES;
				CLANG_WARN_DEPRECATED_OBJC_IMPLEMENTATIONS = YES;
				CLANG_WARN_DIRECT_OBJC_ISA_USAGE = YES_ERROR;
				CLANG_WARN_DOCUMENTATION_COMMENTS = YES;
				CLANG_WARN_EMPTY_BODY = YES;
				CLANG_WARN_ENUM_CONVERSION = YES;
				CLANG_WARN_INFINITE_RECURSION = YES;
				CLANG_WARN_INT_CONVERSION = YES;
				CLANG_WARN_NON_LITERAL_NULL_CONVERSION = YES;
				CLANG_WARN_OBJC_IMPLICIT_RETAIN_SELF = YES;
				CLANG_WARN_OBJC_LITERAL_CONVERSION = YES;
				CLANG_WARN_OBJC_ROOT_CLASS = YES_ERROR;
				CLANG_WARN_QUOTED_INCLUDE_IN_FRAMEWORK_HEADER = YES;
				CLANG_WARN_RANGE_LOOP_ANALYSIS = YES;
				CLANG_WARN_STRICT_PROTOTYPES = YES;
				CLANG_WARN_SUSPICIOUS_MOVE = YES;
				CLANG_WARN_UNGUARDED_AVAILABILITY = YES_AGGRESSIVE;
				CLANG_WARN_UNREACHABLE_CODE = YES;
				CLANG_WARN__DUPLICATE_METHOD_MATCH = YES;
				COPY_PHASE_STRIP = NO;
				DEBUG_INFORMATION_FORMAT = dwarf;
				ENABLE_STRICT_OBJC_MSGSEND = YES;
				ENABLE_TESTABILITY = YES;
				GCC_C_LANGUAGE_STANDARD = gnu11;
				GCC_DYNAMIC_NO_PIC = NO;
				GCC_NO_COMMON_BLOCKS = YES;
				GCC_OPTIMIZATION_LEVEL = 0;
				GCC_PREPROCESSOR_DEFINITIONS = (
					"DEBUG=1",
					"$(inherited)",
				);
				GCC_WARN_64_TO_32_BIT_CONVERSION = YES;
				GCC_WARN_ABOUT_RETURN_TYPE = YES_ERROR;
				GCC_WARN_UNDECLARED_SELECTOR = YES;
				GCC_WARN_UNINITIALIZED_AUTOS = YES_AGGRESSIVE;
				GCC_WARN_UNUSED_FUNCTION = YES;
				GCC_WARN_UNUSED_VARIABLE = YES;
				IPHONEOS_DEPLOYMENT_TARGET = 16.1;
				MTL_ENABLE_DEBUG_INFO = INCLUDE_SOURCE;
				MTL_FAST_MATH = YES;
				ONLY_ACTIVE_ARCH = YES;
				SDKROOT = iphoneos;
				SWIFT_ACTIVE_COMPILATION_CONDITIONS = DEBUG;
				SWIFT_OPTIMIZATION_LEVEL = "-Onone";
			};
			name = Debug;
		};
		7FC6E4202981571200C241CF /* Release */ = {
			isa = XCBuildConfiguration;
			buildSettings = {
				ALWAYS_SEARCH_USER_PATHS = NO;
				CLANG_ANALYZER_NONNULL = YES;
				CLANG_ANALYZER_NUMBER_OBJECT_CONVERSION = YES_AGGRESSIVE;
				CLANG_CXX_LANGUAGE_STANDARD = "gnu++20";
				CLANG_ENABLE_MODULES = YES;
				CLANG_ENABLE_OBJC_ARC = YES;
				CLANG_ENABLE_OBJC_WEAK = YES;
				CLANG_WARN_BLOCK_CAPTURE_AUTORELEASING = YES;
				CLANG_WARN_BOOL_CONVERSION = YES;
				CLANG_WARN_COMMA = YES;
				CLANG_WARN_CONSTANT_CONVERSION = YES;
				CLANG_WARN_DEPRECATED_OBJC_IMPLEMENTATIONS = YES;
				CLANG_WARN_DIRECT_OBJC_ISA_USAGE = YES_ERROR;
				CLANG_WARN_DOCUMENTATION_COMMENTS = YES;
				CLANG_WARN_EMPTY_BODY = YES;
				CLANG_WARN_ENUM_CONVERSION = YES;
				CLANG_WARN_INFINITE_RECURSION = YES;
				CLANG_WARN_INT_CONVERSION = YES;
				CLANG_WARN_NON_LITERAL_NULL_CONVERSION = YES;
				CLANG_WARN_OBJC_IMPLICIT_RETAIN_SELF = YES;
				CLANG_WARN_OBJC_LITERAL_CONVERSION = YES;
				CLANG_WARN_OBJC_ROOT_CLASS = YES_ERROR;
				CLANG_WARN_QUOTED_INCLUDE_IN_FRAMEWORK_HEADER = YES;
				CLANG_WARN_RANGE_LOOP_ANALYSIS = YES;
				CLANG_WARN_STRICT_PROTOTYPES = YES;
				CLANG_WARN_SUSPICIOUS_MOVE = YES;
				CLANG_WARN_UNGUARDED_AVAILABILITY = YES_AGGRESSIVE;
				CLANG_WARN_UNREACHABLE_CODE = YES;
				CLANG_WARN__DUPLICATE_METHOD_MATCH = YES;
				COPY_PHASE_STRIP = NO;
				DEBUG_INFORMATION_FORMAT = "dwarf-with-dsym";
				ENABLE_NS_ASSERTIONS = NO;
				ENABLE_STRICT_OBJC_MSGSEND = YES;
				GCC_C_LANGUAGE_STANDARD = gnu11;
				GCC_NO_COMMON_BLOCKS = YES;
				GCC_WARN_64_TO_32_BIT_CONVERSION = YES;
				GCC_WARN_ABOUT_RETURN_TYPE = YES_ERROR;
				GCC_WARN_UNDECLARED_SELECTOR = YES;
				GCC_WARN_UNINITIALIZED_AUTOS = YES_AGGRESSIVE;
				GCC_WARN_UNUSED_FUNCTION = YES;
				GCC_WARN_UNUSED_VARIABLE = YES;
				IPHONEOS_DEPLOYMENT_TARGET = 16.1;
				MTL_ENABLE_DEBUG_INFO = NO;
				MTL_FAST_MATH = YES;
				SDKROOT = iphoneos;
				SWIFT_COMPILATION_MODE = wholemodule;
				SWIFT_OPTIMIZATION_LEVEL = "-O";
				VALIDATE_PRODUCT = YES;
			};
			name = Release;
		};
		7FC6E4222981571200C241CF /* Debug */ = {
			isa = XCBuildConfiguration;
			buildSettings = {
				ASSETCATALOG_COMPILER_APPICON_NAME = AppIcon;
				ASSETCATALOG_COMPILER_GLOBAL_ACCENT_COLOR_NAME = AccentColor;
				CODE_SIGN_STYLE = Automatic;
				CURRENT_PROJECT_VERSION = 1;
				DEVELOPMENT_TEAM = 85K9VD9L96;
				GENERATE_INFOPLIST_FILE = YES;
				INFOPLIST_FILE = sectionExample/Info.plist;
				INFOPLIST_KEY_UIApplicationSupportsIndirectInputEvents = YES;
				INFOPLIST_KEY_UILaunchStoryboardName = LaunchScreen;
				INFOPLIST_KEY_UIMainStoryboardFile = Main;
				INFOPLIST_KEY_UISupportedInterfaceOrientations_iPad = "UIInterfaceOrientationPortrait UIInterfaceOrientationPortraitUpsideDown UIInterfaceOrientationLandscapeLeft UIInterfaceOrientationLandscapeRight";
				INFOPLIST_KEY_UISupportedInterfaceOrientations_iPhone = "UIInterfaceOrientationPortrait UIInterfaceOrientationLandscapeLeft UIInterfaceOrientationLandscapeRight";
				LD_RUNPATH_SEARCH_PATHS = (
					"$(inherited)",
					"@executable_path/Frameworks",
				);
				MARKETING_VERSION = 1.0;
				PRODUCT_BUNDLE_IDENTIFIER = com.Dogmin.sectionExample;
				PRODUCT_NAME = "$(TARGET_NAME)";
				SWIFT_EMIT_LOC_STRINGS = YES;
				SWIFT_VERSION = 5.0;
				TARGETED_DEVICE_FAMILY = "1,2";
			};
			name = Debug;
		};
		7FC6E4232981571200C241CF /* Release */ = {
			isa = XCBuildConfiguration;
			buildSettings = {
				ASSETCATALOG_COMPILER_APPICON_NAME = AppIcon;
				ASSETCATALOG_COMPILER_GLOBAL_ACCENT_COLOR_NAME = AccentColor;
				CODE_SIGN_STYLE = Automatic;
				CURRENT_PROJECT_VERSION = 1;
				DEVELOPMENT_TEAM = 85K9VD9L96;
				GENERATE_INFOPLIST_FILE = YES;
				INFOPLIST_FILE = sectionExample/Info.plist;
				INFOPLIST_KEY_UIApplicationSupportsIndirectInputEvents = YES;
				INFOPLIST_KEY_UILaunchStoryboardName = LaunchScreen;
				INFOPLIST_KEY_UIMainStoryboardFile = Main;
				INFOPLIST_KEY_UISupportedInterfaceOrientations_iPad = "UIInterfaceOrientationPortrait UIInterfaceOrientationPortraitUpsideDown UIInterfaceOrientationLandscapeLeft UIInterfaceOrientationLandscapeRight";
				INFOPLIST_KEY_UISupportedInterfaceOrientations_iPhone = "UIInterfaceOrientationPortrait UIInterfaceOrientationLandscapeLeft UIInterfaceOrientationLandscapeRight";
				LD_RUNPATH_SEARCH_PATHS = (
					"$(inherited)",
					"@executable_path/Frameworks",
				);
				MARKETING_VERSION = 1.0;
				PRODUCT_BUNDLE_IDENTIFIER = com.Dogmin.sectionExample;
				PRODUCT_NAME = "$(TARGET_NAME)";
				SWIFT_EMIT_LOC_STRINGS = YES;
				SWIFT_VERSION = 5.0;
				TARGETED_DEVICE_FAMILY = "1,2";
			};
			name = Release;
		};
/* End XCBuildConfiguration section */

/* Begin XCConfigurationList section */
		7FC6E4082981570F00C241CF /* Build configuration list for PBXProject "sectionExample" */ = {
			isa = XCConfigurationList;
			buildConfigurations = (
				7FC6E41F2981571200C241CF /* Debug */,
				7FC6E4202981571200C241CF /* Release */,
			);
			defaultConfigurationIsVisible = 0;
			defaultConfigurationName = Release;
		};
		7FC6E4212981571200C241CF /* Build configuration list for PBXNativeTarget "sectionExample" */ = {
			isa = XCConfigurationList;
			buildConfigurations = (
				7FC6E4222981571200C241CF /* Debug */,
				7FC6E4232981571200C241CF /* Release */,
			);
			defaultConfigurationIsVisible = 0;
			defaultConfigurationName = Release;
		};
/* End XCConfigurationList section */
	};
	rootObject = 7FC6E4052981570F00C241CF /* Project object */;
}
